PODS:
  - Alamofire (5.10.2)
  - BitByteData (2.0.4)
  - MBProgressHUD (1.2.0)
  - SnapKit (5.7.1)
  - SWCompression (4.8.6):
    - BitByteData (~> 2.0)
    - SWCompression/BZip2 (= 4.8.6)
    - SWCompression/Deflate (= 4.8.6)
    - SWCompression/GZip (= 4.8.6)
    - SWCompression/LZ4 (= 4.8.6)
    - SWCompression/LZMA (= 4.8.6)
    - SWCompression/LZMA2 (= 4.8.6)
    - SWCompression/SevenZip (= 4.8.6)
    - SWCompression/TAR (= 4.8.6)
    - SWCompression/XZ (= 4.8.6)
    - SWCompression/ZIP (= 4.8.6)
    - SWCompression/Zlib (= 4.8.6)
  - SWCompression/BZip2 (4.8.6):
    - BitByteData (~> 2.0)
  - SWCompression/Deflate (4.8.6):
    - BitByteData (~> 2.0)
  - SWCompression/GZip (4.8.6):
    - BitByteData (~> 2.0)
    - SWCompression/Deflate
  - SWCompression/LZ4 (4.8.6):
    - BitByteData (~> 2.0)
  - SWCompression/LZMA (4.8.6):
    - BitByteData (~> 2.0)
  - SWCompression/LZMA2 (4.8.6):
    - BitByteData (~> 2.0)
    - SWCompression/LZMA
  - SWCompression/SevenZip (4.8.6):
    - BitByteData (~> 2.0)
    - SWCompression/LZMA2
  - SWCompression/TAR (4.8.6):
    - BitByteData (~> 2.0)
  - SWCompression/XZ (4.8.6):
    - BitByteData (~> 2.0)
    - SWCompression/LZMA2
  - SWCompression/ZIP (4.8.6):
    - BitByteData (~> 2.0)
    - SWCompression/Deflate
  - SWCompression/Zlib (4.8.6):
    - BitByteData (~> 2.0)
    - SWCompression/Deflate
  - SwiftyJSON (5.0.2)

DEPENDENCIES:
  - Alamofire
  - MBProgressHUD
  - SnapKit
  - SWCompression (~> 4.8)
  - SwiftyJSON

SPEC REPOS:
  trunk:
    - Alamofire
    - BitByteData
    - MBProgressHUD
    - SnapKit
    - SWCompression
    - SwiftyJSON

SPEC CHECKSUMS:
  Alamofire: 7193b3b92c74a07f85569e1a6c4f4237291e7496
  BitByteData: 2422ed269fcddc44976d97f171a183d25ef535ce
  MBProgressHUD: 3ee5efcc380f6a79a7cc9b363dd669c5e1ae7406
  SnapKit: d612e99e678a2d3b95bf60b0705ed0a35c03484a
  SWCompression: 9379873ad5e9f25b31db88c441649b59a4c2bab7
  SwiftyJSON: f5b1bf1cd8dd53cd25887ac0eabcfd92301c6a5a

PODFILE CHECKSUM: 03da0f59a72ccd90c2c3f94417c2429bca457743

COCOAPODS: 1.16.2
