PODS:
  - Alamofire (5.10.2)
  - MBProgressHUD (1.2.0)
  - SnapKit (5.7.1)
  - SwiftyJSON (5.0.2)

DEPENDENCIES:
  - Alamofire
  - MBProgressHUD
  - SnapKit
  - SwiftyJSON

SPEC REPOS:
  trunk:
    - Alamofire
    - MBProgressHUD
    - SnapKit
    - SwiftyJSON

SPEC CHECKSUMS:
  Alamofire: 7193b3b92c74a07f85569e1a6c4f4237291e7496
  MBProgressHUD: 3ee5efcc380f6a79a7cc9b363dd669c5e1ae7406
  SnapKit: d612e99e678a2d3b95bf60b0705ed0a35c03484a
  SwiftyJSON: f5b1bf1cd8dd53cd25887ac0eabcfd92301c6a5a

PODFILE CHECKSUM: edf0c8ceddae9b837f17f89daeda09e74cd2a46b

COCOAPODS: 1.16.2
